
Microsoft Visual Studio Solution File, Format Version 12.00
# Visual Studio 15
VisualStudioVersion = 15.0.28010.2041
MinimumVisualStudioVersion = 10.0.40219.1
Project("{FAE04EC0-301F-11D3-BF4B-00C04F79EFBC}") = "TailCall", "TailCall\TailCall.csproj", "{2DE69899-4890-4FC5-95DC-610C93D9FE06}"
EndProject
Project("{FAE04EC0-301F-11D3-BF4B-00C04F79EFBC}") = "TailCall.Tests", "TailCall.Tests\TailCall.Tests.csproj", "{4A6FA1C1-2404-4E09-BA27-A8B2071559D7}"
EndProject
Global
	GlobalSection(SolutionConfigurationPlatforms) = preSolution
		Debug|Any CPU = Debug|Any CPU
		Release|Any CPU = Release|Any CPU
	EndGlobalSection
	GlobalSection(ProjectConfigurationPlatforms) = postSolution
		{2DE69899-4890-4FC5-95DC-610C93D9FE06}.Debug|Any CPU.ActiveCfg = Debug|Any CPU
		{2DE69899-4890-4FC5-95DC-610C93D9FE06}.Debug|Any CPU.Build.0 = Debug|Any CPU
		{2DE69899-4890-4FC5-95DC-610C93D9FE06}.Release|Any CPU.ActiveCfg = Release|Any CPU
		{2DE69899-4890-4FC5-95DC-610C93D9FE06}.Release|Any CPU.Build.0 = Release|Any CPU
		{4A6FA1C1-2404-4E09-BA27-A8B2071559D7}.Debug|Any CPU.ActiveCfg = Debug|Any CPU
		{4A6FA1C1-2404-4E09-BA27-A8B2071559D7}.Debug|Any CPU.Build.0 = Debug|Any CPU
		{4A6FA1C1-2404-4E09-BA27-A8B2071559D7}.Release|Any CPU.ActiveCfg = Release|Any CPU
		{4A6FA1C1-2404-4E09-BA27-A8B2071559D7}.Release|Any CPU.Build.0 = Release|Any CPU
	EndGlobalSection
	GlobalSection(SolutionProperties) = preSolution
		HideSolutionNode = FALSE
	EndGlobalSection
	GlobalSection(ExtensibilityGlobals) = postSolution
		SolutionGuid = {25C641D7-8E2E-48A1-A49F-0FE6EAB92002}
	EndGlobalSection
EndGlobal
